{
  "nodes": {
    "apple-silicon": {
      "inputs": {
        "flake-compat": "flake-compat",
        "nixpkgs": "nixpkgs"
      },
      "locked": {
        "lastModified": 1782374867,
        "narHash": "sha256-wgU8MdUzSH2ccq85xo80pP1PAFW+e5kzx6rofVO1Jsk=",
        "owner": "nix-community",
        "repo": "nixos-apple-silicon",
        "rev": "bf99497876c07bb945d5fc536916cdee4f3b9eb6",
        "type": "github"
      },
      "original": {
        "owner": "nix-community",
        "repo": "nixos-apple-silicon",
        "type": "github"
      }
    },
    "aquamarine": {
      "inputs": {
        "hyprutils": [
          "llamato-dotfiles",
          "hyprland",
          "hyprutils"
        ],
        "hyprwayland-scanner": [
          "llamato-dotfiles",
          "hyprland",
          "hyprwayland-scanner"
        ],
        "nixpkgs": [
          "llamato-dotfiles",
          "hyprland",
          "nixpkgs"
        ],
        "systems": [
          "llamato-dotfiles",
          "hyprland",
          "systems"
        ]
      },
      "locked": {
        "lastModified": 1780756231,
        "narHash": "sha256-tXQxKdG5716uB9/LIkLQqQwHKf5mRSpHoZhz3lyI2Cg=",
        "owner": "hyprwm",
        "repo": "aquamarine",
        "rev": "6ecde03f47172753fe5a2f334f9d3facfb7e6784",
        "type": "github"
      },
      "original": {
        "owner": "hyprwm",
        "repo": "aquamarine",
        "type": "github"
      }
    },
    "devnotify": {
      "inputs": {
        "nixpkgs": [
          "llamato-dotfiles",
          "nixpkgs"
        ]
      },
      "locked": {
        "lastModified": 1746896859,
        "narHash": "sha256-gwLjZi84/GeNU2QKar2+xnBAxCcwi6Ulb83NyWbdpn4=",
        "owner": "ShyAssassin",
        "repo": "devnotify",
        "rev": "0936063a47570930e66cdcf941fc74139f424039",
        "type": "github"
      },
      "original": {
        "owner": "ShyAssassin",
        "repo": "devnotify",
        "type": "github"
      }
    },
    "easymotion": {
      "inputs": {
        "hyprland": [
          "llamato-dotfiles",
          "hyprland"
        ],
        "nixpkgs": "nixpkgs_2"
      },
      "locked": {
        "lastModified": 1780871642,
        "narHash": "sha256-dAPpUNNr5gTpeGYfRUPqYEVAAghZuKqwZmNrCmv/Wks=",
        "owner": "zakk4223",
        "repo": "hyprland-easymotion",
        "rev": "ec9dccb9e6e6df71a4e2f77f9f1802b840ef755d",
        "type": "github"
      },
      "original": {
        "owner": "zakk4223",
        "repo": "hyprland-easymotion",
        "type": "github"
      }
    },
    "flake-compat": {
      "locked": {
        "lastModified": 1761640442,
        "narHash": "sha256-AtrEP6Jmdvrqiv4x2xa5mrtaIp3OEe8uBYCDZDS+hu8=",
        "owner": "nix-community",
        "repo": "flake-compat",
        "rev": "4a56054d8ffc173222d09dad23adf4ba946c8884",
        "type": "github"
      },
      "original": {
        "owner": "nix-community",
        "repo": "flake-compat",
        "type": "github"
      }
    },
    "flake-compat_2": {
      "flake": false,
      "locked": {
        "lastModified": 1767039857,
        "narHash": "sha256-vNpUSpF5Nuw8xvDLj2KCwwksIbjua2LZCqhV1LNRDns=",
        "owner": "NixOS",
        "repo": "flake-compat",
        "rev": "5edf11c44bc78a0d334f6334cdaf7d60d732daab",
        "type": "github"
      },
      "original": {
        "owner": "NixOS",
        "repo": "flake-compat",
        "type": "github"
      }
    },
    "flake-utils": {
      "inputs": {
        "systems": "systems"
      },
      "locked": {
        "lastModified": 1731533236,
        "narHash": "sha256-l0KFg5HjrsfsO/JpG+r7fRrqm12kzFHyUHqHCVpMMbI=",
        "owner": "numtide",
        "repo": "flake-utils",
        "rev": "11707dc2f618dd54ca8739b309ec4fc024de578b",
        "type": "github"
      },
      "original": {
        "owner": "numtide",
        "repo": "flake-utils",
        "type": "github"
      }
    },
    "gbounce": {
      "inputs": {
        "flake-utils": "flake-utils",
        "nixpkgs": "nixpkgs_3",
        "unstable": "unstable"
      },
      "locked": {
        "lastModified": 1768600842,
        "narHash": "sha256-5Jv4GWimczFbbVu7xN4WbVHYfqCm9Z2SLs3mTSbUb+Y=",
        "owner": "llamato",
        "repo": "glossyBallBounce",
        "rev": "81daaa931514be0d537b31889bee18a9d7c13011",
        "type": "github"
      },
      "original": {
        "owner": "llamato",
        "repo": "glossyBallBounce",
        "type": "github"
      }
    },
    "gcalc": {
      "inputs": {
        "nixpkgs-unstable": "nixpkgs-unstable"
      },
      "locked": {
        "lastModified": 1774495797,
        "narHash": "sha256-w+kRTe8Ug3NeWOT1ZY2HCEcpLZZGOwNncX6cMyV+qL0=",
        "owner": "llamato",
        "repo": "gcalc",
        "rev": "19a4c6b505bf97e0e88d309d2558861d5793c074",
        "type": "github"
      },
      "original": {
        "owner": "llamato",
        "repo": "gcalc",
        "type": "github"
      }
    },
    "gcrypt": {
      "inputs": {
        "nixpkgs-unstable": "nixpkgs-unstable_2"
      },
      "locked": {
        "lastModified": 1775923217,
        "narHash": "sha256-wgtvUu8cla4H5KBkrjPZaXB1+MLCzfSJ8vGkMcwCa5s=",
        "owner": "llamato",
        "repo": "gcrypt",
        "rev": "5e428b4849690d2880426a8b217a2f35269c8e4c",
        "type": "github"
      },
      "original": {
        "owner": "llamato",
        "repo": "gcrypt",
        "type": "github"
      }
    },
    "gitignore": {
      "inputs": {
        "nixpkgs": [
          "llamato-dotfiles",
          "hyprland",
          "pre-commit-hooks",
          "nixpkgs"
        ]
      },
      "locked": {
        "lastModified": 1709087332,
        "narHash": "sha256-HG2cCnktfHsKV0s4XW83gU3F57gaTljL9KNSuG6bnQs=",
        "owner": "hercules-ci",
        "repo": "gitignore.nix",
        "rev": "637db329424fd7e46cf4185293b9cc8c88c95394",
        "type": "github"
      },
      "original": {
        "owner": "hercules-ci",
        "repo": "gitignore.nix",
        "type": "github"
      }
    },
    "hyprcursor": {
      "inputs": {
        "hyprlang": [
          "llamato-dotfiles",
          "hyprland",
          "hyprlang"
        ],
        "nixpkgs": [
          "llamato-dotfiles",
          "hyprland",
          "nixpkgs"
        ],
        "systems": [
          "llamato-dotfiles",
          "hyprland",
          "systems"
        ]
      },
      "locked": {
        "lastModified": 1776511930,
        "narHash": "sha256-fCpwFiTW0rT7oKJqr3cqHMnkwypSwQKpbtUEtxdkgrM=",
        "owner": "hyprwm",
        "repo": "hyprcursor",
        "rev": "39435900785d0c560c6ae8777d29f28617d031ef",
        "type": "github"
      },
      "original": {
        "owner": "hyprwm",
        "repo": "hyprcursor",
        "type": "github"
      }
    },
    "hyprgraphics": {
      "inputs": {
        "hyprutils": [
          "llamato-dotfiles",
          "hyprland",
          "hyprutils"
        ],
        "nixpkgs": [
          "llamato-dotfiles",
          "hyprland",
          "nixpkgs"
        ],
        "systems": [
          "llamato-dotfiles",
          "hyprland",
          "systems"
        ]
      },
      "locked": {
        "lastModified": 1776426399,
        "narHash": "sha256-RUESLKNikIeEq9ymGJ6nmcDXiSFQpUW1IhJ245nL3xM=",
        "owner": "hyprwm",
        "repo": "hyprgraphics",
        "rev": "68d064434787cf1ed4a2fe257c03c5f52f33cf84",
        "type": "github"
      },
      "original": {
        "owner": "hyprwm",
        "repo": "hyprgraphics",
        "type": "github"
      }
    },
    "hyprland": {
      "inputs": {
        "aquamarine": "aquamarine",
        "hyprcursor": "hyprcursor",
        "hyprgraphics": "hyprgraphics",
        "hyprland-guiutils": "hyprland-guiutils",
        "hyprland-protocols": "hyprland-protocols",
        "hyprlang": "hyprlang",
        "hyprutils": "hyprutils",
        "hyprwayland-scanner": "hyprwayland-scanner",
        "hyprwire": "hyprwire",
        "nixpkgs": [
          "llamato-dotfiles",
          "nixpkgs-unstable"
        ],
        "pre-commit-hooks": "pre-commit-hooks",
        "systems": "systems_2",
        "xdph": "xdph"
      },
      "locked": {
        "lastModified": 1781803280,
        "narHash": "sha256-LvjQLSOAdnJAh1ShfljgZDJE49xhvyDlcIDrhh0Wzk8=",
        "owner": "hyprwm",
        "repo": "Hyprland",
        "rev": "7a75ce5f209d8142c40dfe6dd8bb03749987e11d",
        "type": "github"
      },
      "original": {
        "owner": "hyprwm",
        "repo": "Hyprland",
        "type": "github"
      }
    },
    "hyprland-guiutils": {
      "inputs": {
        "aquamarine": [
          "llamato-dotfiles",
          "hyprland",
          "aquamarine"
        ],
        "hyprgraphics": [
          "llamato-dotfiles",
          "hyprland",
          "hyprgraphics"
        ],
        "hyprlang": [
          "llamato-dotfiles",
          "hyprland",
          "hyprlang"
        ],
        "hyprtoolkit": "hyprtoolkit",
        "hyprutils": [
          "llamato-dotfiles",
          "hyprland",
          "hyprutils"
        ],
        "hyprwayland-scanner": [
          "llamato-dotfiles",
          "hyprland",
          "hyprwayland-scanner"
        ],
        "nixpkgs": [
          "llamato-dotfiles",
          "hyprland",
          "nixpkgs"
        ],
        "systems": [
          "llamato-dotfiles",
          "hyprland",
          "systems"
        ]
      },
      "locked": {
        "lastModified": 1776426575,
        "narHash": "sha256-KI6nIfVihn/DPaeB5Et46Xg3dkNHrrEtUd5LBBVomB0=",
        "owner": "hyprwm",
        "repo": "hyprland-guiutils",
        "rev": "a968d211048e3ed538e47b84cb3649299578f19d",
        "type": "github"
      },
      "original": {
        "owner": "hyprwm",
        "repo": "hyprland-guiutils",
        "type": "github"
      }
    },
    "hyprland-plugins": {
      "inputs": {
        "hyprland": [
          "llamato-dotfiles",
          "hyprland"
        ],
        "nixpkgs": [
          "llamato-dotfiles",
          "hyprland-plugins",
          "hyprland",
          "nixpkgs"
        ],
        "systems": [
          "llamato-dotfiles",
          "hyprland-plugins",
          "hyprland",
          "systems"
        ]
      },
      "locked": {
        "lastModified": 1781442805,
        "narHash": "sha256-Kt56e6Bq2sfqN8yq1RHsS6z+8QKCZelmhaeQQRtZyqU=",
        "owner": "hyprwm",
        "repo": "hyprland-plugins",
        "rev": "1f90c674d51a1ef83c725cd6d02280b4c969fdf7",
        "type": "github"
      },
      "original": {
        "owner": "hyprwm",
        "repo": "hyprland-plugins",
        "type": "github"
      }
    },
    "hyprland-protocols": {
      "inputs": {
        "nixpkgs": [
          "llamato-dotfiles",
          "hyprland",
          "nixpkgs"
        ],
        "systems": [
          "llamato-dotfiles",
          "hyprland",
          "systems"
        ]
      },
      "locked": {
        "lastModified": 1772460177,
        "narHash": "sha256-/6G/MsPvtn7bc4Y32pserBT/Z4SUUdBd4XYJpOEKVR4=",
        "owner": "hyprwm",
        "repo": "hyprland-protocols",
        "rev": "1cb6db5fd6bb8aee419f4457402fa18293ace917",
        "type": "github"
      },
      "original": {
        "owner": "hyprwm",
        "repo": "hyprland-protocols",
        "type": "github"
      }
    },
    "hyprlang": {
      "inputs": {
        "hyprutils": [
          "llamato-dotfiles",
          "hyprland",
          "hyprutils"
        ],
        "nixpkgs": [
          "llamato-dotfiles",
          "hyprland",
          "nixpkgs"
        ],
        "systems": [
          "llamato-dotfiles",
          "hyprland",
          "systems"
        ]
      },
      "locked": {
        "lastModified": 1777320127,
        "narHash": "sha256-Qu+Wf2Bp5qUjyn2YpZNq8a7JyzTGowhT1knrwE38a9U=",
        "owner": "hyprwm",
        "repo": "hyprlang",
        "rev": "090117506ddc3d7f26e650ff344d378c2ec329cc",
        "type": "github"
      },
      "original": {
        "owner": "hyprwm",
        "repo": "hyprlang",
        "type": "github"
      }
    },
    "hyprsplit": {
      "inputs": {
        "hyprland": [
          "llamato-dotfiles",
          "hyprland"
        ],
        "nixpkgs": "nixpkgs_4"
      },
      "locked": {
        "lastModified": 1781205112,
        "narHash": "sha256-PaoUtmk+qIP/ESdxkxnY7mUMpMHjix88qu22R5GLQqE=",
        "owner": "shezdy",
        "repo": "hyprsplit",
        "rev": "6b00b677d8905fb38779c91e12d6294e0e586a44",
        "type": "github"
      },
      "original": {
        "owner": "shezdy",
        "repo": "hyprsplit",
        "type": "github"
      }
    },
    "hyprtoolkit": {
      "inputs": {
        "aquamarine": [
          "llamato-dotfiles",
          "hyprland",
          "hyprland-guiutils",
          "aquamarine"
        ],
        "hyprgraphics": [
          "llamato-dotfiles",
          "hyprland",
          "hyprland-guiutils",
          "hyprgraphics"
        ],
        "hyprlang": [
          "llamato-dotfiles",
          "hyprland",
          "hyprland-guiutils",
          "hyprlang"
        ],
        "hyprutils": [
          "llamato-dotfiles",
          "hyprland",
          "hyprland-guiutils",
          "hyprutils"
        ],
        "hyprwayland-scanner": [
          "llamato-dotfiles",
          "hyprland",
          "hyprland-guiutils",
          "hyprwayland-scanner"
        ],
        "nixpkgs": [
          "llamato-dotfiles",
          "hyprland",
          "hyprland-guiutils",
          "nixpkgs"
        ],
        "systems": [
          "llamato-dotfiles",
          "hyprland",
          "hyprland-guiutils",
          "systems"
        ]
      },
      "locked": {
        "lastModified": 1772462885,
        "narHash": "sha256-5pHXrQK9zasMnIo6yME6EOXmWGFMSnCITcfKshhKJ9I=",
        "owner": "hyprwm",
        "repo": "hyprtoolkit",
        "rev": "9af245a69fa6b286b88ddfc340afd288e00a6998",
        "type": "github"
      },
      "original": {
        "owner": "hyprwm",
        "repo": "hyprtoolkit",
        "type": "github"
      }
    },
    "hyprutils": {
      "inputs": {
        "nixpkgs": [
          "llamato-dotfiles",
          "hyprland",
          "nixpkgs"
        ],
        "systems": [
          "llamato-dotfiles",
          "hyprland",
          "systems"
        ]
      },
      "locked": {
        "lastModified": 1780251518,
        "narHash": "sha256-fG9xbb1SOAAJ+2kJRakp3ch+BmA/3dEg/K3PoAZTKkw=",
        "owner": "hyprwm",
        "repo": "hyprutils",
        "rev": "40ede2e7bdec80ba5d4c443160d905e9f841ae5f",
        "type": "github"
      },
      "original": {
        "owner": "hyprwm",
        "repo": "hyprutils",
        "type": "github"
      }
    },
    "hyprwayland-scanner": {
      "inputs": {
        "nixpkgs": [
          "llamato-dotfiles",
          "hyprland",
          "nixpkgs"
        ],
        "systems": [
          "llamato-dotfiles",
          "hyprland",
          "systems"
        ]
      },
      "locked": {
        "lastModified": 1777159683,
        "narHash": "sha256-Jxixw6wZphUp+nHYxOKUYSckL17QMBx2d5Zp0rJHr1g=",
        "owner": "hyprwm",
        "repo": "hyprwayland-scanner",
        "rev": "b8632713a6beaf28b56f2a7b0ab2fb7088dbb404",
        "type": "github"
      },
      "original": {
        "owner": "hyprwm",
        "repo": "hyprwayland-scanner",
        "type": "github"
      }
    },
    "hyprwire": {
      "inputs": {
        "hyprutils": [
          "llamato-dotfiles",
          "hyprland",
          "hyprutils"
        ],
        "nixpkgs": [
          "llamato-dotfiles",
          "hyprland",
          "nixpkgs"
        ],
        "systems": [
          "llamato-dotfiles",
          "hyprland",
          "systems"
        ]
      },
      "locked": {
        "lastModified": 1778410714,
        "narHash": "sha256-o6RzFj4nJXaPRY7EM01siuCQeT41RfwwmcmFQqwFJJg=",
        "owner": "hyprwm",
        "repo": "hyprwire",
        "rev": "85148a8e612808cf5ddb25d0b3c5840f3498a7dc",
        "type": "github"
      },
      "original": {
        "owner": "hyprwm",
        "repo": "hyprwire",
        "type": "github"
      }
    },
    "llamato-dotfiles": {
      "inputs": {
        "apple-silicon": "apple-silicon",
        "devnotify": "devnotify",
        "easymotion": "easymotion",
        "gbounce": "gbounce",
        "gcalc": "gcalc",
        "gcrypt": "gcrypt",
        "hyprland": "hyprland",
        "hyprland-plugins": "hyprland-plugins",
        "hyprsplit": "hyprsplit",
        "nix-darwin": "nix-darwin",
        "nixos-boot": "nixos-boot",
        "nixpkgs": "nixpkgs_6",
        "nixpkgs-darwin": "nixpkgs-darwin",
        "nixpkgs-hyprgirl": "nixpkgs-hyprgirl",
        "nixpkgs-llamato": "nixpkgs-llamato",
        "nixpkgs-master": "nixpkgs-master",
        "nixpkgs-unstable": "nixpkgs-unstable_3",
        "nixpkgs2205": "nixpkgs2205",
        "split-monitor-workspaces": "split-monitor-workspaces",
        "stenc": "stenc"
      },
      "locked": {
        "lastModified": 1781870585,
        "narHash": "sha256-7sHZ8b35rGko0Y4R/uP6R2Kf/PreSQn6TKWvUKiXbdI=",
        "owner": "llamato",
        "repo": "dotfiles",
        "rev": "cd184a159772a298e6f0ed51e6ad1fffe707e22b",
        "type": "github"
      },
      "original": {
        "owner": "llamato",
        "repo": "dotfiles",
        "type": "github"
      }
    },
    "nix-darwin": {
      "inputs": {
        "nixpkgs": "nixpkgs_5"
      },
      "locked": {
        "lastModified": 1772129556,
        "narHash": "sha256-Utk0zd8STPsUJPyjabhzPc5BpPodLTXrwkpXBHYnpeg=",
        "owner": "LnL7",
        "repo": "nix-darwin",
        "rev": "ebec37af18215214173c98cf6356d0aca24a2585",
        "type": "github"
      },
      "original": {
        "owner": "LnL7",
        "ref": "nix-darwin-25.11",
        "repo": "nix-darwin",
        "type": "github"
      }
    },
    "nix-filter": {
      "locked": {
        "lastModified": 1693833173,
        "narHash": "sha256-hlMABKrGbEiJD5dwUSfnw1CQ3bG7KKwDV+Nx3bEZd7U=",
        "owner": "numtide",
        "repo": "nix-filter",
        "rev": "ac030bd9ba98e318e1f4c4328d60766ade8ebe8b",
        "type": "github"
      },
      "original": {
        "owner": "numtide",
        "repo": "nix-filter",
        "type": "github"
      }
    },
    "nixos-boot": {
      "locked": {
        "lastModified": 1722927293,
        "narHash": "sha256-8oCsiFyAuidAdhSz60Lu8+TwCPHxaeWixyv0xT0mLt4=",
        "owner": "Melkor333",
        "repo": "nixos-boot",
        "rev": "afaed735149d0a06f234e54dd2d9db2e18dc64ae",
        "type": "github"
      },
      "original": {
        "owner": "Melkor333",
        "repo": "nixos-boot",
        "type": "github"
      }
    },
    "nixpkgs": {
      "locked": {
        "lastModified": 1781577229,
        "narHash": "sha256-lrp67w8AulE9Ks53n27I45ADSzbOCn4H+CNW1Ck8B+8=",
        "owner": "NixOS",
        "repo": "nixpkgs",
        "rev": "567a49d1913ce81ac6e9582e3553dd90a955875f",
        "type": "github"
      },
      "original": {
        "owner": "NixOS",
        "ref": "nixos-unstable",
        "repo": "nixpkgs",
        "type": "github"
      }
    },
    "nixpkgs-darwin": {
      "locked": {
        "lastModified": 1781509190,
        "narHash": "sha256-uJZs9Di8I6ciTp6jiojj0HzlNpBkud8ax5aT/O5aJkw=",
        "owner": "nixos",
        "repo": "nixpkgs",
        "rev": "d6df3513510aa548c83868fd22bfddd0a8c0a0d4",
        "type": "github"
      },
      "original": {
        "owner": "nixos",
        "ref": "nixpkgs-25.11-darwin",
        "repo": "nixpkgs",
        "type": "github"
      }
    },
    "nixpkgs-hyprgirl": {
      "locked": {
        "lastModified": 1767089253,
        "narHash": "sha256-BlfXDrpx47Ba/06P7V2qjoCj6XKkJoF9tRnCZdSdgcA=",
        "owner": "hyprgirl",
        "repo": "nixpkgs",
        "rev": "46124e30da0eca6aac1fead7874aed90d863a1ec",
        "type": "github"
      },
      "original": {
        "owner": "hyprgirl",
        "ref": "master",
        "repo": "nixpkgs",
        "type": "github"
      }
    },
    "nixpkgs-llamato": {
      "locked": {
        "lastModified": 1780440195,
        "narHash": "sha256-CIbQeuZka+w0YIGH1wYDvJUZVEyGBIWkia7fTGgiFt0=",
        "owner": "llamato",
        "repo": "nixpkgs",
        "rev": "476c3ef72e65b4f06c50a8da45ccb7e9e6a1a60e",
        "type": "github"
      },
      "original": {
        "owner": "llamato",
        "ref": "master",
        "repo": "nixpkgs",
        "type": "github"
      }
    },
    "nixpkgs-master": {
      "locked": {
        "lastModified": 1781868573,
        "narHash": "sha256-llLknvBsmCDp9OEcuPgYf9whMmX+xWNYIXTg/nqHRdc=",
        "owner": "nixos",
        "repo": "nixpkgs",
        "rev": "e61a9b061958f8d42fdc240fe7e39588ee16a7a6",
        "type": "github"
      },
      "original": {
        "owner": "nixos",
        "repo": "nixpkgs",
        "type": "github"
      }
    },
    "nixpkgs-unstable": {
      "locked": {
        "lastModified": 1759977445,
        "narHash": "sha256-LYr4IDfuihCkFAkSYz5//gT2r1ewcWBYgd5AxPzPLIo=",
        "owner": "nixos",
        "repo": "nixpkgs",
        "rev": "2dad7af78a183b6c486702c18af8a9544f298377",
        "type": "github"
      },
      "original": {
        "owner": "nixos",
        "ref": "nixpkgs-unstable",
        "repo": "nixpkgs",
        "type": "github"
      }
    },
    "nixpkgs-unstable_2": {
      "locked": {
        "lastModified": 1760504863,
        "narHash": "sha256-h13YFQMi91nXkkRoJMIfezorz5SbD6849jw5L0fjK4I=",
        "owner": "nixos",
        "repo": "nixpkgs",
        "rev": "82c2e0d6dde50b17ae366d2aa36f224dc19af469",
        "type": "github"
      },
      "original": {
        "owner": "nixos",
        "ref": "nixpkgs-unstable",
        "repo": "nixpkgs",
        "type": "github"
      }
    },
    "nixpkgs-unstable_3": {
      "locked": {
        "lastModified": 1781607440,
        "narHash": "sha256-rxO+uc/KFbSJp+pgyXRuAX6QlG9hJdnt0BXpEQRXY+U=",
        "owner": "nixos",
        "repo": "nixpkgs",
        "rev": "3e41b24abd260e8f71dbe2f5737d24122f972158",
        "type": "github"
      },
      "original": {
        "owner": "nixos",
        "ref": "nixpkgs-unstable",
        "repo": "nixpkgs",
        "type": "github"
      }
    },
    "nixpkgs2205": {
      "locked": {
        "lastModified": 1685573264,
        "narHash": "sha256-Zffu01pONhs/pqH07cjlF10NnMDLok8ix5Uk4rhOnZQ=",
        "owner": "nixos",
        "repo": "nixpkgs",
        "rev": "380be19fbd2d9079f677978361792cb25e8a3635",
        "type": "github"
      },
      "original": {
        "owner": "nixos",
        "ref": "nixos-22.05",
        "repo": "nixpkgs",
        "type": "github"
      }
    },
    "nixpkgs_2": {
      "locked": {
        "lastModified": 1773821835,
        "narHash": "sha256-TJ3lSQtW0E2JrznGVm8hOQGVpXjJyXY2guAxku2O9A4=",
        "owner": "nixos",
        "repo": "nixpkgs",
        "rev": "b40629efe5d6ec48dd1efba650c797ddbd39ace0",
        "type": "github"
      },
      "original": {
        "owner": "nixos",
        "ref": "nixos-unstable",
        "repo": "nixpkgs",
        "type": "github"
      }
    },
    "nixpkgs_3": {
      "locked": {
        "lastModified": 1764560356,
        "narHash": "sha256-M5aFEFPppI4UhdOxwdmceJ9bDJC4T6C6CzCK1E2FZyo=",
        "owner": "NixOS",
        "repo": "nixpkgs",
        "rev": "6c8f0cca84510cc79e09ea99a299c9bc17d03cb6",
        "type": "github"
      },
      "original": {
        "owner": "NixOS",
        "ref": "nixos-25.05",
        "repo": "nixpkgs",
        "type": "github"
      }
    },
    "nixpkgs_4": {
      "locked": {
        "lastModified": 1778869304,
        "narHash": "sha256-30sZNZoA1cqF5JNO9fVX+wgiQYjB7HJqqJ4ztCDeBZE=",
        "owner": "NixOS",
        "repo": "nixpkgs",
        "rev": "d233902339c02a9c334e7e593de68855ad26c4cb",
        "type": "github"
      },
      "original": {
        "owner": "NixOS",
        "ref": "nixos-unstable",
        "repo": "nixpkgs",
        "type": "github"
      }
    },
    "nixpkgs_5": {
      "locked": {
        "lastModified": 1764491476,
        "narHash": "sha256-E4rtgPS7fntINb6fVJ5qQdkhfbZn8pzMYNdmiXqZmCo=",
        "owner": "NixOS",
        "repo": "nixpkgs",
        "rev": "54f09efd2ca0dd5bb9c5fafc89573ab3ac44701d",
        "type": "github"
      },
      "original": {
        "owner": "NixOS",
        "ref": "nixpkgs-25.11-darwin",
        "repo": "nixpkgs",
        "type": "github"
      }
    },
    "nixpkgs_6": {
      "locked": {
        "lastModified": 1781216227,
        "narHash": "sha256-9mUW6gNwoN2SWc/l0fW4svPNOulXLl8ijqKyeSOGgJE=",
        "owner": "nixos",
        "repo": "nixpkgs",
        "rev": "a0374025a863d007d98e3297f6aa46cc3141c2f0",
        "type": "github"
      },
      "original": {
        "owner": "nixos",
        "ref": "nixos-26.05",
        "repo": "nixpkgs",
        "type": "github"
      }
    },
    "nixpkgs_7": {
      "locked": {
        "lastModified": 1762482733,
        "narHash": "sha256-g/da4FzvckvbiZT075Sb1/YDNDr+tGQgh4N8i5ceYMg=",
        "owner": "NixOS",
        "repo": "nixpkgs",
        "rev": "e1ebeec86b771e9d387dd02d82ffdc77ac753abc",
        "type": "github"
      },
      "original": {
        "owner": "NixOS",
        "ref": "nixpkgs-unstable",
        "repo": "nixpkgs",
        "type": "github"
      }
    },
    "nixpkgs_8": {
      "locked": {
        "lastModified": 1782375420,
        "narHash": "sha256-wiPYmEuHbJvleW489n6+lamL7JSJg3pcKUYwURU9CkI=",
        "owner": "nixos",
        "repo": "nixpkgs",
        "rev": "4062d36ebeae843c750011eef6b61ec9a9dbc9a9",
        "type": "github"
      },
      "original": {
        "owner": "nixos",
        "ref": "nixos-26.05",
        "repo": "nixpkgs",
        "type": "github"
      }
    },
    "nixpkgs_9": {
      "locked": {
        "lastModified": 1744536153,
        "narHash": "sha256-awS2zRgF4uTwrOKwwiJcByDzDOdo3Q1rPZbiHQg/N38=",
        "owner": "NixOS",
        "repo": "nixpkgs",
        "rev": "18dd725c29603f582cf1900e0d25f9f1063dbf11",
        "type": "github"
      },
      "original": {
        "owner": "NixOS",
        "ref": "nixpkgs-unstable",
        "repo": "nixpkgs",
        "type": "github"
      }
    },
    "pre-commit-hooks": {
      "inputs": {
        "flake-compat": "flake-compat_2",
        "gitignore": "gitignore",
        "nixpkgs": [
          "llamato-dotfiles",
          "hyprland",
          "nixpkgs"
        ]
      },
      "locked": {
        "lastModified": 1778507602,
        "narHash": "sha256-kTwur1wV+01SdqskVMSo6JMEpg71ps3HpbFY2GsflKs=",
        "owner": "cachix",
        "repo": "git-hooks.nix",
        "rev": "61ab0e80d9c7ab14c256b5b453d8b3fb0189ba0a",
        "type": "github"
      },
      "original": {
        "owner": "cachix",
        "repo": "git-hooks.nix",
        "type": "github"
      }
    },
    "root": {
      "inputs": {
        "llamato-dotfiles": "llamato-dotfiles",
        "nixpkgs": "nixpkgs_8",
        "rust-overlay": "rust-overlay"
      }
    },
    "rust-overlay": {
      "inputs": {
        "nixpkgs": "nixpkgs_9"
      },
      "locked": {
        "lastModified": 1782616745,
        "narHash": "sha256-NN5B1cKBXF6h1Ec681gMGZ2o/99d7vKXAAfFNEvyOKA=",
        "owner": "oxalica",
        "repo": "rust-overlay",
        "rev": "b916d014dc57eb555f84e51172a82f7f6fb560d7",
        "type": "github"
      },
      "original": {
        "owner": "oxalica",
        "repo": "rust-overlay",
        "type": "github"
      }
    },
    "split-monitor-workspaces": {
      "inputs": {
        "hyprland": [
          "llamato-dotfiles",
          "hyprland"
        ],
        "nix-filter": "nix-filter"
      },
      "locked": {
        "lastModified": 1781280597,
        "narHash": "sha256-FuIe4c/XEfFx27T7/IzdGI1VQKSfpJ0yw2Sw6XmdNDI=",
        "owner": "Duckonaut",
        "repo": "split-monitor-workspaces",
        "rev": "5924e6baa7bd3753d071aa404df0c5225e274150",
        "type": "github"
      },
      "original": {
        "owner": "Duckonaut",
        "repo": "split-monitor-workspaces",
        "type": "github"
      }
    },
    "stenc": {
      "inputs": {
        "nixpkgs": "nixpkgs_7"
      },
      "locked": {
        "lastModified": 1774499657,
        "narHash": "sha256-gP/9oHzsghLNhVIoYs1aujo7LCfoJ5eCYYDX7L07Oto=",
        "owner": "llamato",
        "repo": "stenc",
        "rev": "281699209b1c7c268c9bb4b1160319d78ce19bb7",
        "type": "github"
      },
      "original": {
        "owner": "llamato",
        "repo": "stenc",
        "type": "github"
      }
    },
    "systems": {
      "locked": {
        "lastModified": 1681028828,
        "narHash": "sha256-Vy1rq5AaRuLzOxct8nz4T6wlgyUR7zLU309k9mBC768=",
        "owner": "nix-systems",
        "repo": "default",
        "rev": "da67096a3b9bf56a91d16901293e51ba5b49a27e",
        "type": "github"
      },
      "original": {
        "owner": "nix-systems",
        "repo": "default",
        "type": "github"
      }
    },
    "systems_2": {
      "locked": {
        "lastModified": 1689347949,
        "narHash": "sha256-12tWmuL2zgBgZkdoB6qXZsgJEH9LR3oUgpaQq2RbI80=",
        "owner": "nix-systems",
        "repo": "default-linux",
        "rev": "31732fcf5e8fea42e59c2488ad31a0e651500f68",
        "type": "github"
      },
      "original": {
        "owner": "nix-systems",
        "repo": "default-linux",
        "type": "github"
      }
    },
    "unstable": {
      "locked": {
        "lastModified": 1764667669,
        "narHash": "sha256-7WUCZfmqLAssbDqwg9cUDAXrSoXN79eEEq17qhTNM/Y=",
        "owner": "NixOS",
        "repo": "nixpkgs",
        "rev": "418468ac9527e799809c900eda37cbff999199b6",
        "type": "github"
      },
      "original": {
        "owner": "NixOS",
        "ref": "nixos-unstable",
        "repo": "nixpkgs",
        "type": "github"
      }
    },
    "xdph": {
      "inputs": {
        "hyprland-protocols": [
          "llamato-dotfiles",
          "hyprland",
          "hyprland-protocols"
        ],
        "hyprlang": [
          "llamato-dotfiles",
          "hyprland",
          "hyprlang"
        ],
        "hyprutils": [
          "llamato-dotfiles",
          "hyprland",
          "hyprutils"
        ],
        "hyprwayland-scanner": [
          "llamato-dotfiles",
          "hyprland",
          "hyprwayland-scanner"
        ],
        "nixpkgs": [
          "llamato-dotfiles",
          "hyprland",
          "nixpkgs"
        ],
        "systems": [
          "llamato-dotfiles",
          "hyprland",
          "systems"
        ]
      },
      "locked": {
        "lastModified": 1780133819,
        "narHash": "sha256-0YPKIY3dlnR7SPq7Z8ekFVvzFsfeiAtEj+QUI3KHrlI=",
        "owner": "hyprwm",
        "repo": "xdg-desktop-portal-hyprland",
        "rev": "4a170c0ba96fd37374f93d8f91c9ed91814828ac",
        "type": "github"
      },
      "original": {
        "owner": "hyprwm",
        "repo": "xdg-desktop-portal-hyprland",
        "type": "github"
      }
    }
  },
  "root": "root",
  "version": 7
}
